
Microsoft Visual Studio Solution File, Format Version 12.00
# Visual Studio Version 16
VisualStudioVersion = 16.0.30907.101
MinimumVisualStudioVersion = 10.0.40219.1
Project("{FAE04EC0-301F-11D3-BF4B-00C04F79EFBC}") = "SleepWorm", "SleepWorm\SleepWorm.csproj", "{F1DB0093-05F3-4277-B0C7-AE5C71BFA728}"
EndProject
Global
	GlobalSection(SolutionConfigurationPlatforms) = preSolution
		Debug|Any CPU = Debug|Any CPU
		Release|Any CPU = Release|Any CPU
	EndGlobalSection
	GlobalSection(ProjectConfigurationPlatforms) = postSolution
		{F1DB0093-05F3-4277-B0C7-AE5C71BFA728}.Debug|Any CPU.ActiveCfg = Debug|Any CPU
		{F1DB0093-05F3-4277-B0C7-AE5C71BFA728}.Debug|Any CPU.Build.0 = Debug|Any CPU
		{F1DB0093-05F3-4277-B0C7-AE5C71BFA728}.Release|Any CPU.ActiveCfg = Release|Any CPU
		{F1DB0093-05F3-4277-B0C7-AE5C71BFA728}.Release|Any CPU.Build.0 = Release|Any CPU
	EndGlobalSection
	GlobalSection(SolutionProperties) = preSolution
		HideSolutionNode = FALSE
	EndGlobalSection
	GlobalSection(ExtensibilityGlobals) = postSolution
		SolutionGuid = {AB3DCB87-94DF-4C17-A190-A90E27F56809}
	EndGlobalSection
EndGlobal
